
Microsoft Visual Studio Solution File, Format Version 12.00
# Visual Studio Version 16
VisualStudioVersion = 16.0.30114.105
MinimumVisualStudioVersion = 10.0.40219.1
Project("{FAE04EC0-301F-11D3-BF4B-00C04F79EFBC}") = "CSharpHomework4", "CSharpHomework4.csproj", "{C8766271-EA37-43B0-8C40-70A2694E33D2}"
EndProject
Global
	GlobalSection(SolutionConfigurationPlatforms) = preSolution
		Debug|Any CPU = Debug|Any CPU
		Release|Any CPU = Release|Any CPU
	EndGlobalSection
	GlobalSection(ProjectConfigurationPlatforms) = postSolution
		{C8766271-EA37-43B0-8C40-70A2694E33D2}.Debug|Any CPU.ActiveCfg = Debug|Any CPU
		{C8766271-EA37-43B0-8C40-70A2694E33D2}.Debug|Any CPU.Build.0 = Debug|Any CPU
		{C8766271-EA37-43B0-8C40-70A2694E33D2}.Release|Any CPU.ActiveCfg = Release|Any CPU
		{C8766271-EA37-43B0-8C40-70A2694E33D2}.Release|Any CPU.Build.0 = Release|Any CPU
	EndGlobalSection
	GlobalSection(SolutionProperties) = preSolution
		HideSolutionNode = FALSE
	EndGlobalSection
	GlobalSection(ExtensibilityGlobals) = postSolution
		SolutionGuid = {7F426F0B-4795-4C2A-847C-6262FC20E4FF}
	EndGlobalSection
EndGlobal
